
Microsoft Visual Studio Solution File, Format Version 12.00
# Visual Studio Version 16
VisualStudioVersion = 16.0.30011.22
MinimumVisualStudioVersion = 10.0.40219.1
Project("{FAE04EC0-301F-11D3-BF4B-00C04F79EFBC}") = "Cap4ycap5", "Cap4ycap5.csproj", "{13B8875A-0EDF-469F-90C8-3B5D6E1A273D}"
EndProject
Global
	GlobalSection(SolutionConfigurationPlatforms) = preSolution
		Debug|Any CPU = Debug|Any CPU
		Release|Any CPU = Release|Any CPU
	EndGlobalSection
	GlobalSection(ProjectConfigurationPlatforms) = postSolution
		{13B8875A-0EDF-469F-90C8-3B5D6E1A273D}.Debug|Any CPU.ActiveCfg = Debug|Any CPU
		{13B8875A-0EDF-469F-90C8-3B5D6E1A273D}.Debug|Any CPU.Build.0 = Debug|Any CPU
		{13B8875A-0EDF-469F-90C8-3B5D6E1A273D}.Release|Any CPU.ActiveCfg = Release|Any CPU
		{13B8875A-0EDF-469F-90C8-3B5D6E1A273D}.Release|Any CPU.Build.0 = Release|Any CPU
	EndGlobalSection
	GlobalSection(SolutionProperties) = preSolution
		HideSolutionNode = FALSE
	EndGlobalSection
	GlobalSection(ExtensibilityGlobals) = postSolution
		SolutionGuid = {111C83CF-9143-4C04-A714-011F123F1FDF}
	EndGlobalSection
EndGlobal
